
Microsoft Visual Studio Solution File, Format Version 12.00
# Visual Studio 15
VisualStudioVersion = 15.0.28010.2041
MinimumVisualStudioVersion = 10.0.40219.1
Project("{FAE04EC0-301F-11D3-BF4B-00C04F79EFBC}") = "WcfInIISDemo", "WcfInIISDemo\WcfInIISDemo.csproj", "{03BC353D-8918-47CD-B82A-FDB484BBD580}"
EndProject
Global
	GlobalSection(SolutionConfigurationPlatforms) = preSolution
		Debug|Any CPU = Debug|Any CPU
		Release|Any CPU = Release|Any CPU
	EndGlobalSection
	GlobalSection(ProjectConfigurationPlatforms) = postSolution
		{03BC353D-8918-47CD-B82A-FDB484BBD580}.Debug|Any CPU.ActiveCfg = Debug|Any CPU
		{03BC353D-8918-47CD-B82A-FDB484BBD580}.Debug|Any CPU.Build.0 = Debug|Any CPU
		{03BC353D-8918-47CD-B82A-FDB484BBD580}.Release|Any CPU.ActiveCfg = Release|Any CPU
		{03BC353D-8918-47CD-B82A-FDB484BBD580}.Release|Any CPU.Build.0 = Release|Any CPU
	EndGlobalSection
	GlobalSection(SolutionProperties) = preSolution
		HideSolutionNode = FALSE
	EndGlobalSection
	GlobalSection(ExtensibilityGlobals) = postSolution
		SolutionGuid = {0C2575D7-2E2A-44C3-946F-5BBB33156EB2}
	EndGlobalSection
EndGlobal
