
Microsoft Visual Studio Solution File, Format Version 12.00
# Visual Studio 15
VisualStudioVersion = 15.0.28307.438
MinimumVisualStudioVersion = 10.0.40219.1
Project("{FAE04EC0-301F-11D3-BF4B-00C04F79EFBC}") = "RedisDemo", "RedisDemo.csproj", "{5FC29911-077B-48C1-904B-5CB353C3ED98}"
EndProject
Global
	GlobalSection(SolutionConfigurationPlatforms) = preSolution
		Debug|Any CPU = Debug|Any CPU
		Release|Any CPU = Release|Any CPU
	EndGlobalSection
	GlobalSection(ProjectConfigurationPlatforms) = postSolution
		{5FC29911-077B-48C1-904B-5CB353C3ED98}.Debug|Any CPU.ActiveCfg = Debug|Any CPU
		{5FC29911-077B-48C1-904B-5CB353C3ED98}.Debug|Any CPU.Build.0 = Debug|Any CPU
		{5FC29911-077B-48C1-904B-5CB353C3ED98}.Release|Any CPU.ActiveCfg = Release|Any CPU
		{5FC29911-077B-48C1-904B-5CB353C3ED98}.Release|Any CPU.Build.0 = Release|Any CPU
	EndGlobalSection
	GlobalSection(SolutionProperties) = preSolution
		HideSolutionNode = FALSE
	EndGlobalSection
	GlobalSection(ExtensibilityGlobals) = postSolution
		SolutionGuid = {BB8B8CA4-897B-4013-BA5C-849DABA8B45B}
	EndGlobalSection
EndGlobal
