
Microsoft Visual Studio Solution File, Format Version 12.00
# Visual Studio 15
VisualStudioVersion = 15.0.28307.438
MinimumVisualStudioVersion = 10.0.40219.1
Project("{FAE04EC0-301F-11D3-BF4B-00C04F79EFBC}") = "ProducerKafkaRC", "ProducerKafkaRC\ProducerKafkaRC.csproj", "{DAE75483-6CB5-45C0-B597-4474B1F9CCD4}"
EndProject
Project("{FAE04EC0-301F-11D3-BF4B-00C04F79EFBC}") = "ProducerKafkaRelease", "ProducerKafkaRelease\ProducerKafkaRelease.csproj", "{2E6F44B4-310C-48BE-B674-E199D79E0524}"
EndProject
Project("{FAE04EC0-301F-11D3-BF4B-00C04F79EFBC}") = "UnitTestProject1", "UnitTestProject1\UnitTestProject1.csproj", "{6DB8A456-EECF-4D97-BC2B-528E8F9E2BB1}"
EndProject
Global
	GlobalSection(SolutionConfigurationPlatforms) = preSolution
		Debug|Any CPU = Debug|Any CPU
		Debug|ARM = Debug|ARM
		Debug|ARM64 = Debug|ARM64
		Debug|x64 = Debug|x64
		Debug|x86 = Debug|x86
		Release|Any CPU = Release|Any CPU
		Release|ARM = Release|ARM
		Release|ARM64 = Release|ARM64
		Release|x64 = Release|x64
		Release|x86 = Release|x86
	EndGlobalSection
	GlobalSection(ProjectConfigurationPlatforms) = postSolution
		{DAE75483-6CB5-45C0-B597-4474B1F9CCD4}.Debug|Any CPU.ActiveCfg = Debug|Any CPU
		{DAE75483-6CB5-45C0-B597-4474B1F9CCD4}.Debug|Any CPU.Build.0 = Debug|Any CPU
		{DAE75483-6CB5-45C0-B597-4474B1F9CCD4}.Debug|ARM.ActiveCfg = Debug|Any CPU
		{DAE75483-6CB5-45C0-B597-4474B1F9CCD4}.Debug|ARM.Build.0 = Debug|Any CPU
		{DAE75483-6CB5-45C0-B597-4474B1F9CCD4}.Debug|ARM64.ActiveCfg = Debug|Any CPU
		{DAE75483-6CB5-45C0-B597-4474B1F9CCD4}.Debug|ARM64.Build.0 = Debug|Any CPU
		{DAE75483-6CB5-45C0-B597-4474B1F9CCD4}.Debug|x64.ActiveCfg = Debug|Any CPU
		{DAE75483-6CB5-45C0-B597-4474B1F9CCD4}.Debug|x64.Build.0 = Debug|Any CPU
		{DAE75483-6CB5-45C0-B597-4474B1F9CCD4}.Debug|x86.ActiveCfg = Debug|Any CPU
		{DAE75483-6CB5-45C0-B597-4474B1F9CCD4}.Debug|x86.Build.0 = Debug|Any CPU
		{DAE75483-6CB5-45C0-B597-4474B1F9CCD4}.Release|Any CPU.ActiveCfg = Release|Any CPU
		{DAE75483-6CB5-45C0-B597-4474B1F9CCD4}.Release|Any CPU.Build.0 = Release|Any CPU
		{DAE75483-6CB5-45C0-B597-4474B1F9CCD4}.Release|ARM.ActiveCfg = Release|Any CPU
		{DAE75483-6CB5-45C0-B597-4474B1F9CCD4}.Release|ARM.Build.0 = Release|Any CPU
		{DAE75483-6CB5-45C0-B597-4474B1F9CCD4}.Release|ARM64.ActiveCfg = Release|Any CPU
		{DAE75483-6CB5-45C0-B597-4474B1F9CCD4}.Release|ARM64.Build.0 = Release|Any CPU
		{DAE75483-6CB5-45C0-B597-4474B1F9CCD4}.Release|x64.ActiveCfg = Release|Any CPU
		{DAE75483-6CB5-45C0-B597-4474B1F9CCD4}.Release|x64.Build.0 = Release|Any CPU
		{DAE75483-6CB5-45C0-B597-4474B1F9CCD4}.Release|x86.ActiveCfg = Release|Any CPU
		{DAE75483-6CB5-45C0-B597-4474B1F9CCD4}.Release|x86.Build.0 = Release|Any CPU
		{2E6F44B4-310C-48BE-B674-E199D79E0524}.Debug|Any CPU.ActiveCfg = Debug|Any CPU
		{2E6F44B4-310C-48BE-B674-E199D79E0524}.Debug|Any CPU.Build.0 = Debug|Any CPU
		{2E6F44B4-310C-48BE-B674-E199D79E0524}.Debug|ARM.ActiveCfg = Debug|Any CPU
		{2E6F44B4-310C-48BE-B674-E199D79E0524}.Debug|ARM.Build.0 = Debug|Any CPU
		{2E6F44B4-310C-48BE-B674-E199D79E0524}.Debug|ARM64.ActiveCfg = Debug|Any CPU
		{2E6F44B4-310C-48BE-B674-E199D79E0524}.Debug|ARM64.Build.0 = Debug|Any CPU
		{2E6F44B4-310C-48BE-B674-E199D79E0524}.Debug|x64.ActiveCfg = Debug|Any CPU
		{2E6F44B4-310C-48BE-B674-E199D79E0524}.Debug|x64.Build.0 = Debug|Any CPU
		{2E6F44B4-310C-48BE-B674-E199D79E0524}.Debug|x86.ActiveCfg = Debug|Any CPU
		{2E6F44B4-310C-48BE-B674-E199D79E0524}.Debug|x86.Build.0 = Debug|Any CPU
		{2E6F44B4-310C-48BE-B674-E199D79E0524}.Release|Any CPU.ActiveCfg = Release|Any CPU
		{2E6F44B4-310C-48BE-B674-E199D79E0524}.Release|Any CPU.Build.0 = Release|Any CPU
		{2E6F44B4-310C-48BE-B674-E199D79E0524}.Release|ARM.ActiveCfg = Release|Any CPU
		{2E6F44B4-310C-48BE-B674-E199D79E0524}.Release|ARM.Build.0 = Release|Any CPU
		{2E6F44B4-310C-48BE-B674-E199D79E0524}.Release|ARM64.ActiveCfg = Release|Any CPU
		{2E6F44B4-310C-48BE-B674-E199D79E0524}.Release|ARM64.Build.0 = Release|Any CPU
		{2E6F44B4-310C-48BE-B674-E199D79E0524}.Release|x64.ActiveCfg = Release|Any CPU
		{2E6F44B4-310C-48BE-B674-E199D79E0524}.Release|x64.Build.0 = Release|Any CPU
		{2E6F44B4-310C-48BE-B674-E199D79E0524}.Release|x86.ActiveCfg = Release|Any CPU
		{2E6F44B4-310C-48BE-B674-E199D79E0524}.Release|x86.Build.0 = Release|Any CPU
		{6DB8A456-EECF-4D97-BC2B-528E8F9E2BB1}.Debug|Any CPU.ActiveCfg = Debug|Any CPU
		{6DB8A456-EECF-4D97-BC2B-528E8F9E2BB1}.Debug|Any CPU.Build.0 = Debug|Any CPU
		{6DB8A456-EECF-4D97-BC2B-528E8F9E2BB1}.Debug|ARM.ActiveCfg = Debug|Any CPU
		{6DB8A456-EECF-4D97-BC2B-528E8F9E2BB1}.Debug|ARM.Build.0 = Debug|Any CPU
		{6DB8A456-EECF-4D97-BC2B-528E8F9E2BB1}.Debug|ARM64.ActiveCfg = Debug|Any CPU
		{6DB8A456-EECF-4D97-BC2B-528E8F9E2BB1}.Debug|ARM64.Build.0 = Debug|Any CPU
		{6DB8A456-EECF-4D97-BC2B-528E8F9E2BB1}.Debug|x64.ActiveCfg = Debug|Any CPU
		{6DB8A456-EECF-4D97-BC2B-528E8F9E2BB1}.Debug|x64.Build.0 = Debug|Any CPU
		{6DB8A456-EECF-4D97-BC2B-528E8F9E2BB1}.Debug|x86.ActiveCfg = Debug|Any CPU
		{6DB8A456-EECF-4D97-BC2B-528E8F9E2BB1}.Debug|x86.Build.0 = Debug|Any CPU
		{6DB8A456-EECF-4D97-BC2B-528E8F9E2BB1}.Release|Any CPU.ActiveCfg = Release|Any CPU
		{6DB8A456-EECF-4D97-BC2B-528E8F9E2BB1}.Release|Any CPU.Build.0 = Release|Any CPU
		{6DB8A456-EECF-4D97-BC2B-528E8F9E2BB1}.Release|ARM.ActiveCfg = Release|Any CPU
		{6DB8A456-EECF-4D97-BC2B-528E8F9E2BB1}.Release|ARM.Build.0 = Release|Any CPU
		{6DB8A456-EECF-4D97-BC2B-528E8F9E2BB1}.Release|ARM64.ActiveCfg = Release|Any CPU
		{6DB8A456-EECF-4D97-BC2B-528E8F9E2BB1}.Release|ARM64.Build.0 = Release|Any CPU
		{6DB8A456-EECF-4D97-BC2B-528E8F9E2BB1}.Release|x64.ActiveCfg = Release|Any CPU
		{6DB8A456-EECF-4D97-BC2B-528E8F9E2BB1}.Release|x64.Build.0 = Release|Any CPU
		{6DB8A456-EECF-4D97-BC2B-528E8F9E2BB1}.Release|x86.ActiveCfg = Release|Any CPU
		{6DB8A456-EECF-4D97-BC2B-528E8F9E2BB1}.Release|x86.Build.0 = Release|Any CPU
	EndGlobalSection
	GlobalSection(SolutionProperties) = preSolution
		HideSolutionNode = FALSE
	EndGlobalSection
	GlobalSection(ExtensibilityGlobals) = postSolution
		SolutionGuid = {15827C81-043C-4BF4-8457-14F08CC6EE6A}
	EndGlobalSection
EndGlobal
